{
    "_readme": [
        "This file locks the dependencies of your project to a known state",
        "Read more about it at https://getcomposer.org/doc/01-basic-usage.md#installing-dependencies",
        "This file is @generated automatically"
    ],
    "content-hash": "c32f7bed83c4b84c40c7634816834971",
    "packages": [
        {
            "name": "itecho/codequery",
            "version": "1.0.0",
            "dist": {
                "type": "path",
                "url": "../codequery",
                "reference": "204839f50ed79bb59446c90166fcebb2011a5364"
            },
            "require": {
                "php": ">=8.0"
            },
            "type": "library",
            "autoload": {
                "psr-4": {
                    "CodeQuery\\": "CodeQuery/"
                },
                "files": []
            },
            "transport-options": {
                "relative": true
            }
        },
        {
            "name": "itecho/heroicons",
            "version": "1.0.0",
            "dist": {
                "type": "path",
                "url": "../heroicons",
                "reference": "e1da3aa97b33e813b2614465d035d83eab3a6795"
            },
            "require": {
                "php": ">=8.0",
                "spwa/spwa": "^1.0"
            },
            "type": "library",
            "autoload": {
                "psr-4": {
                    "HeroIcons\\": "HeroIcons/"
                },
                "files": []
            },
            "transport-options": {
                "relative": true
            }
        },
        {
            "name": "samples/news",
            "version": "1.0.0",
            "dist": {
                "type": "path",
                "url": "../samples/News",
                "reference": "fc5e4f8d5fe69ff50715f1c8b0b6f086b404083c"
            },
            "require": {
                "php": ">=8.0",
                "spwa/spwa": "^1.0"
            },
            "type": "library",
            "autoload": {
                "psr-4": {
                    "Samples\\News\\": "src/"
                }
            },
            "transport-options": {
                "relative": true
            }
        },
        {
            "name": "samples/site-app",
            "version": "1.0.0",
            "dist": {
                "type": "path",
                "url": "../samples/SiteApp",
                "reference": "8fc169bba20238a9c14d5879782004b73a30d62c"
            },
            "require": {
                "php": ">=8.0",
                "spwa/spwa": "^1.0"
            },
            "type": "library",
            "autoload": {
                "psr-4": {
                    "Samples\\SiteApp\\": "src/"
                }
            },
            "transport-options": {
                "relative": true
            }
        },
        {
            "name": "spwa/spwa",
            "version": "1.0.0",
            "dist": {
                "type": "path",
                "url": "../spwa",
                "reference": "93089c63bddcca210d8c3914c1f610ece67a5b16"
            },
            "require": {
                "php": ">=8.0"
            },
            "require-dev": {
                "phpunit/phpunit": "^11.0"
            },
            "type": "library",
            "autoload": {
                "psr-4": {
                    "Spwa\\": "src/"
                },
                "files": []
            },
            "autoload-dev": {
                "psr-4": {
                    "Spwa\\Tests\\": "tests/"
                }
            },
            "transport-options": {
                "relative": true
            }
        }
    ],
    "packages-dev": [],
    "aliases": [],
    "minimum-stability": "stable",
    "stability-flags": {},
    "prefer-stable": false,
    "prefer-lowest": false,
    "platform": {
        "ext-json": "*",
        "ext-zlib": "*"
    },
    "platform-dev": {},
    "plugin-api-version": "2.9.0"
}
