{
    "_readme": [
        "This file locks the dependencies of your project to a known state",
        "Read more about it at https://getcomposer.org/doc/01-basic-usage.md#installing-dependencies",
        "This file is @generated automatically"
    ],
    "content-hash": "5a6043e11b5b6888494626b79cde905b",
    "packages": [
        {
            "name": "spwa/spwa",
            "version": "1.0.0",
            "dist": {
                "type": "path",
                "url": "../spwa",
                "reference": "182c7e47716ac0a88a4e852ed045e42e847166d0"
            },
            "require": {
                "php": ">=5.6"
            },
            "type": "library",
            "autoload": {
                "psr-4": {
                    "Spwa\\": "src/"
                },
                "files": []
            },
            "transport-options": {
                "relative": true
            }
        }
    ],
    "packages-dev": [],
    "aliases": [],
    "minimum-stability": "stable",
    "stability-flags": {},
    "prefer-stable": false,
    "prefer-lowest": false,
    "platform": {
        "ext-json": "*",
        "ext-zlib": "*"
    },
    "platform-dev": {},
    "plugin-api-version": "2.6.0"
}
